
Microsoft Visual Studio Solution File, Format Version 12.00
# Visual Studio Version 16
VisualStudioVersion = 16.0.29319.158
MinimumVisualStudioVersion = 10.0.40219.1
Project("{FAE04EC0-301F-11D3-BF4B-00C04F79EFBC}") = "Code Breakers", "Code Breakers\Code Breakers.csproj", "{6F8635EE-5D28-452B-A35B-7507051B8078}"
EndProject
Global
	GlobalSection(SolutionConfigurationPlatforms) = preSolution
		Debug|Any CPU = Debug|Any CPU
		Release|Any CPU = Release|Any CPU
	EndGlobalSection
	GlobalSection(ProjectConfigurationPlatforms) = postSolution
		{6F8635EE-5D28-452B-A35B-7507051B8078}.Debug|Any CPU.ActiveCfg = Debug|Any CPU
		{6F8635EE-5D28-452B-A35B-7507051B8078}.Debug|Any CPU.Build.0 = Debug|Any CPU
		{6F8635EE-5D28-452B-A35B-7507051B8078}.Release|Any CPU.ActiveCfg = Release|Any CPU
		{6F8635EE-5D28-452B-A35B-7507051B8078}.Release|Any CPU.Build.0 = Release|Any CPU
	EndGlobalSection
	GlobalSection(SolutionProperties) = preSolution
		HideSolutionNode = FALSE
	EndGlobalSection
	GlobalSection(ExtensibilityGlobals) = postSolution
		SolutionGuid = {A7663C0C-5D9F-47D1-BDD6-F6B4F7902E94}
	EndGlobalSection
EndGlobal
